Microsoft Visual Studio Solution File, Format Version 12.00
# Visual Studio Version 17
VisualStudioVersion = 17.5.2.0
MinimumVisualStudioVersion = 10.0.40219.1
Project("{FAE04EC0-301F-11D3-BF4B-00C04F79EFBC}") = "ArqMover", "ArqMover.csproj", "{8A20651A-C3E7-FE27-6B18-554210C2FC54}"
EndProject
Global
	GlobalSection(SolutionConfigurationPlatforms) = preSolution
		Debug|Any CPU = Debug|Any CPU
		Release|Any CPU = Release|Any CPU
	EndGlobalSection
	GlobalSection(ProjectConfigurationPlatforms) = postSolution
		{8A20651A-C3E7-FE27-6B18-554210C2FC54}.Debug|Any CPU.ActiveCfg = Debug|Any CPU
		{8A20651A-C3E7-FE27-6B18-554210C2FC54}.Debug|Any CPU.Build.0 = Debug|Any CPU
		{8A20651A-C3E7-FE27-6B18-554210C2FC54}.Release|Any CPU.ActiveCfg = Release|Any CPU
		{8A20651A-C3E7-FE27-6B18-554210C2FC54}.Release|Any CPU.Build.0 = Release|Any CPU
	EndGlobalSection
	GlobalSection(SolutionProperties) = preSolution
		HideSolutionNode = FALSE
	EndGlobalSection
	GlobalSection(ExtensibilityGlobals) = postSolution
		SolutionGuid = {E832DF67-C988-41AB-894D-8AE992B4343E}
	EndGlobalSection
EndGlobal
